PODS:
  - Analytics (4.1.3)
  - analytics-ios-mcvid (1.2.6):
    - Analytics
  - Expecta (1.0.6)
  - Specta (1.0.7)

DEPENDENCIES:
  - Analytics
  - analytics-ios-mcvid (from `../`)
  - Expecta
  - Specta

SPEC REPOS:
  trunk:
    - Analytics
    - Expecta
    - Specta

EXTERNAL SOURCES:
  analytics-ios-mcvid:
    :path: "../"

SPEC CHECKSUMS:
  Analytics: 4c01e3e19d4be86705bad6581a1c2aa5a15a9d22
  analytics-ios-mcvid: 93480b583cdf3750e4e0b77fba8e23f1f028e42d
  Expecta: 3b6bd90a64b9a1dcb0b70aa0e10a7f8f631667d5
  Specta: 3e1bd89c3517421982dc4d1c992503e48bd5fe66

PODFILE CHECKSUM: 913d14c616d8f55dccd2da10c3f81fe4325fec47

COCOAPODS: 1.10.1
