PODS:
  - Analytics (3.6.10)
  - analytics-ios-mcvid (1.0.0):
    - Analytics (~> 3.6.0)
  - Expecta (1.0.6)
  - Specta (1.0.7)

DEPENDENCIES:
  - Analytics (= 3.6.10)
  - analytics-ios-mcvid (from `../`)
  - Expecta
  - Specta

SPEC REPOS:
  https://github.com/cocoapods/specs.git:
    - Analytics
    - Expecta
    - Specta

EXTERNAL SOURCES:
  analytics-ios-mcvid:
    :path: "../"

SPEC CHECKSUMS:
  Analytics: 63744ad4afa65c3bcdcdb7a94b62515bde5b3900
  analytics-ios-mcvid: f2ffbd1912b79284ba80f48827e9a4dba3e252bd
  Expecta: 3b6bd90a64b9a1dcb0b70aa0e10a7f8f631667d5
  Specta: 3e1bd89c3517421982dc4d1c992503e48bd5fe66

PODFILE CHECKSUM: 7b87f886570420d45bae4f435e26196827946cc3

COCOAPODS: 1.6.1
