{
  "object": {
    "pins": [
      {
        "package": "Segment",
        "repositoryURL": "https://github.com/segmentio/analytics-ios.git",
        "state": {
          "branch": null,
          "revision": "78423aaae2e48e32a07246850f37c76f3d34cb84",
          "version": "4.1.8"
        }
      }
    ]
  },
  "version": 1
}
